%{"earmark": {:hex, :earmark, "0.2.1", "ba6d26ceb16106d069b289df66751734802777a3cbb6787026dd800ffeb850f3", [], [], "hexpm"},
  "ex_doc": {:hex, :ex_doc, "0.12.0", "b774aabfede4af31c0301aece12371cbd25995a21bb3d71d66f5c2fe074c603f", [], [{:earmark, "~> 0.2", [hex: :earmark, repo: "hexpm", optional: false]}], "hexpm"},
  "mime": {:hex, :mime, "1.1.0", "01c1d6f4083d8aa5c7b8c246ade95139620ef8effb009edde934e0ec3b28090a", [], [], "hexpm"},
  "phoenix_html": {:hex, :phoenix_html, "2.10.5", "4f9df6b0fb7422a9440a73182a566cb9cbe0e3ffe8884ef9337ccf284fc1ef0a", [], [{:plug, "~> 1.0", [hex: :plug, repo: "hexpm", optional: false]}], "hexpm"},
  "plug": {:hex, :plug, "1.4.3", "236d77ce7bf3e3a2668dc0d32a9b6f1f9b1f05361019946aae49874904be4aed", [], [{:cowboy, "~> 1.0.1 or ~> 1.1", [hex: :cowboy, repo: "hexpm", optional: true]}, {:mime, "~> 1.0", [hex: :mime, repo: "hexpm", optional: false]}], "hexpm"}}
